// !$*UTF8*$!
{
	archiveVersion = 1;
	classes = {
	};
	objectVersion = 46;
	objects = {

/* Begin PBXBuildFile section */
		324BC9951F8D0998003B9AD9 /* AppDelegate.swift in Sources */ = {isa = PBXBuildFile; fileRef = 324BC9941F8D0998003B9AD9 /* AppDelegate.swift */; };
		324BC9971F8D0998003B9AD9 /* GameViewController.swift in Sources */ = {isa = PBXBuildFile; fileRef = 324BC9961F8D0998003B9AD9 /* GameViewController.swift */; };
		324BC99A1F8D0998003B9AD9 /* Main.storyboard in Resources */ = {isa = PBXBuildFile; fileRef = 324BC9981F8D0998003B9AD9 /* Main.storyboard */; };
		324BC99C1F8D0998003B9AD9 /* Assets.xcassets in Resources */ = {isa = PBXBuildFile; fileRef = 324BC99B1F8D0998003B9AD9 /* Assets.xcassets */; };
		324BC99F1F8D0998003B9AD9 /* LaunchScreen.storyboard in Resources */ = {isa = PBXBuildFile; fileRef = 324BC99D1F8D0998003B9AD9 /* LaunchScreen.storyboard */; };
		324BC9AA1F8D0999003B9AD9 /* Tic_Tac_Toe_MobileTests.swift in Sources */ = {isa = PBXBuildFile; fileRef = 324BC9A91F8D0999003B9AD9 /* Tic_Tac_Toe_MobileTests.swift */; };
		324BC9B51F8D0999003B9AD9 /* Tic_Tac_Toe_MobileUITests.swift in Sources */ = {isa = PBXBuildFile; fileRef = 324BC9B41F8D0999003B9AD9 /* Tic_Tac_Toe_MobileUITests.swift */; };
		324BC9C31F8D1C0A003B9AD9 /* Player.swift in Sources */ = {isa = PBXBuildFile; fileRef = 324BC9C21F8D1C0A003B9AD9 /* Player.swift */; };
		324BC9C51F8D1C1A003B9AD9 /* GameBoard.swift in Sources */ = {isa = PBXBuildFile; fileRef = 324BC9C41F8D1C1A003B9AD9 /* GameBoard.swift */; };
		324BC9C71F8D1C3D003B9AD9 /* Stats.swift in Sources */ = {isa = PBXBuildFile; fileRef = 324BC9C61F8D1C3D003B9AD9 /* Stats.swift */; };
		324BC9C91F8D1C54003B9AD9 /* Game.swift in Sources */ = {isa = PBXBuildFile; fileRef = 324BC9C81F8D1C54003B9AD9 /* Game.swift */; };
/* End PBXBuildFile section */

/* Begin PBXContainerItemProxy section */
		324BC9A61F8D0999003B9AD9 /* PBXContainerItemProxy */ = {
			isa = PBXContainerItemProxy;
			containerPortal = 324BC9891F8D0998003B9AD9 /* Project object */;
			proxyType = 1;
			remoteGlobalIDString = 324BC9901F8D0998003B9AD9;
			remoteInfo = "Tic-Tac-Toe Mobile";
		};
		324BC9B11F8D0999003B9AD9 /* PBXContainerItemProxy */ = {
			isa = PBXContainerItemProxy;
			containerPortal = 324BC9891F8D0998003B9AD9 /* Project object */;
			proxyType = 1;
			remoteGlobalIDString = 324BC9901F8D0998003B9AD9;
			remoteInfo = "Tic-Tac-Toe Mobile";
		};
/* End PBXContainerItemProxy section */

/* Begin PBXFileReference section */
		324BC9911F8D0998003B9AD9 /* Tic-Tac-Toe Mobile.app */ = {isa = PBXFileReference; explicitFileType = wrapper.application; includeInIndex = 0; path = "Tic-Tac-Toe Mobile.app"; sourceTree = BUILT_PRODUCTS_DIR; };
		324BC9941F8D0998003B9AD9 /* AppDelegate.swift */ = {isa = PBXFileReference; lastKnownFileType = sourcecode.swift; path = AppDelegate.swift; sourceTree = "<group>"; };
		324BC9961F8D0998003B9AD9 /* GameViewController.swift */ = {isa = PBXFileReference; lastKnownFileType = sourcecode.swift; path = GameViewController.swift; sourceTree = "<group>"; };
		324BC9991F8D0998003B9AD9 /* Base */ = {isa = PBXFileReference; lastKnownFileType = file.storyboard; name = Base; path = Base.lproj/Main.storyboard; sourceTree = "<group>"; };
		324BC99B1F8D0998003B9AD9 /* Assets.xcassets */ = {isa = PBXFileReference; lastKnownFileType = folder.assetcatalog; path = Assets.xcassets; sourceTree = "<group>"; };
		324BC99E1F8D0998003B9AD9 /* Base */ = {isa = PBXFileReference; lastKnownFileType = file.storyboard; name = Base; path = Base.lproj/LaunchScreen.storyboard; sourceTree = "<group>"; };
		324BC9A01F8D0998003B9AD9 /* Info.plist */ = {isa = PBXFileReference; lastKnownFileType = text.plist.xml; path = Info.plist; sourceTree = "<group>"; };
		324BC9A51F8D0999003B9AD9 /* Tic-Tac-Toe MobileTests.xctest */ = {isa = PBXFileReference; explicitFileType = wrapper.cfbundle; includeInIndex = 0; path = "Tic-Tac-Toe MobileTests.xctest"; sourceTree = BUILT_PRODUCTS_DIR; };
		324BC9A91F8D0999003B9AD9 /* Tic_Tac_Toe_MobileTests.swift */ = {isa = PBXFileReference; lastKnownFileType = sourcecode.swift; path = Tic_Tac_Toe_MobileTests.swift; sourceTree = "<group>"; };
		324BC9AB1F8D0999003B9AD9 /* Info.plist */ = {isa = PBXFileReference; lastKnownFileType = text.plist.xml; path = Info.plist; sourceTree = "<group>"; };
		324BC9B01F8D0999003B9AD9 /* Tic-Tac-Toe MobileUITests.xctest */ = {isa = PBXFileReference; explicitFileType = wrapper.cfbundle; includeInIndex = 0; path = "Tic-Tac-Toe MobileUITests.xctest"; sourceTree = BUILT_PRODUCTS_DIR; };
		324BC9B41F8D0999003B9AD9 /* Tic_Tac_Toe_MobileUITests.swift */ = {isa = PBXFileReference; lastKnownFileType = sourcecode.swift; path = Tic_Tac_Toe_MobileUITests.swift; sourceTree = "<group>"; };
		324BC9B61F8D0999003B9AD9 /* Info.plist */ = {isa = PBXFileReference; lastKnownFileType = text.plist.xml; path = Info.plist; sourceTree = "<group>"; };
		324BC9C21F8D1C0A003B9AD9 /* Player.swift */ = {isa = PBXFileReference; fileEncoding = 4; lastKnownFileType = sourcecode.swift; path = Player.swift; sourceTree = "<group>"; };
		324BC9C41F8D1C1A003B9AD9 /* GameBoard.swift */ = {isa = PBXFileReference; fileEncoding = 4; lastKnownFileType = sourcecode.swift; path = GameBoard.swift; sourceTree = "<group>"; };
		324BC9C61F8D1C3D003B9AD9 /* Stats.swift */ = {isa = PBXFileReference; fileEncoding = 4; lastKnownFileType = sourcecode.swift; path = Stats.swift; sourceTree = "<group>"; };
		324BC9C81F8D1C54003B9AD9 /* Game.swift */ = {isa = PBXFileReference; fileEncoding = 4; lastKnownFileType = sourcecode.swift; path = Game.swift; sourceTree = "<group>"; };
/* End PBXFileReference section */

/* Begin PBXFrameworksBuildPhase section */
		324BC98E1F8D0998003B9AD9 /* Frameworks */ = {
			isa = PBXFrameworksBuildPhase;
			buildActionMask = 2147483647;
			files = (
			);
			runOnlyForDeploymentPostprocessing = 0;
		};
		324BC9A21F8D0999003B9AD9 /* Frameworks */ = {
			isa = PBXFrameworksBuildPhase;
			buildActionMask = 2147483647;
			files = (
			);
			runOnlyForDeploymentPostprocessing = 0;
		};
		324BC9AD1F8D0999003B9AD9 /* Frameworks */ = {
			isa = PBXFrameworksBuildPhase;
			buildActionMask = 2147483647;
			files = (
			);
			runOnlyForDeploymentPostprocessing = 0;
		};
/* End PBXFrameworksBuildPhase section */

/* Begin PBXGroup section */
		324BC9881F8D0998003B9AD9 = {
			isa = PBXGroup;
			children = (
				324BC9931F8D0998003B9AD9 /* Tic-Tac-Toe Mobile */,
				324BC9A81F8D0999003B9AD9 /* Tic-Tac-Toe MobileTests */,
				324BC9B31F8D0999003B9AD9 /* Tic-Tac-Toe MobileUITests */,
				324BC9921F8D0998003B9AD9 /* Products */,
			);
			sourceTree = "<group>";
		};
		324BC9921F8D0998003B9AD9 /* Products */ = {
			isa = PBXGroup;
			children = (
				324BC9911F8D0998003B9AD9 /* Tic-Tac-Toe Mobile.app */,
				324BC9A51F8D0999003B9AD9 /* Tic-Tac-Toe MobileTests.xctest */,
				324BC9B01F8D0999003B9AD9 /* Tic-Tac-Toe MobileUITests.xctest */,
			);
			name = Products;
			sourceTree = "<group>";
		};
		324BC9931F8D0998003B9AD9 /* Tic-Tac-Toe Mobile */ = {
			isa = PBXGroup;
			children = (
				324BC9941F8D0998003B9AD9 /* AppDelegate.swift */,
				324BC9961F8D0998003B9AD9 /* GameViewController.swift */,
				324BC9C21F8D1C0A003B9AD9 /* Player.swift */,
				324BC9C41F8D1C1A003B9AD9 /* GameBoard.swift */,
				324BC9C61F8D1C3D003B9AD9 /* Stats.swift */,
				324BC9C81F8D1C54003B9AD9 /* Game.swift */,
				324BC9981F8D0998003B9AD9 /* Main.storyboard */,
				324BC99B1F8D0998003B9AD9 /* Assets.xcassets */,
				324BC99D1F8D0998003B9AD9 /* LaunchScreen.storyboard */,
				324BC9A01F8D0998003B9AD9 /* Info.plist */,
			);
			path = "Tic-Tac-Toe Mobile";
			sourceTree = "<group>";
		};
		324BC9A81F8D0999003B9AD9 /* Tic-Tac-Toe MobileTests */ = {
			isa = PBXGroup;
			children = (
				324BC9A91F8D0999003B9AD9 /* Tic_Tac_Toe_MobileTests.swift */,
				324BC9AB1F8D0999003B9AD9 /* Info.plist */,
			);
			path = "Tic-Tac-Toe MobileTests";
			sourceTree = "<group>";
		};
		324BC9B31F8D0999003B9AD9 /* Tic-Tac-Toe MobileUITests */ = {
			isa = PBXGroup;
			children = (
				324BC9B41F8D0999003B9AD9 /* Tic_Tac_Toe_MobileUITests.swift */,
				324BC9B61F8D0999003B9AD9 /* Info.plist */,
			);
			path = "Tic-Tac-Toe MobileUITests";
			sourceTree = "<group>";
		};
/* End PBXGroup section */

/* Begin PBXNativeTarget section */
		324BC9901F8D0998003B9AD9 /* Tic-Tac-Toe Mobile */ = {
			isa = PBXNativeTarget;
			buildConfigurationList = 324BC9B91F8D0999003B9AD9 /* Build configuration list for PBXNativeTarget "Tic-Tac-Toe Mobile" */;
			buildPhases = (
				324BC98D1F8D0998003B9AD9 /* Sources */,
				324BC98E1F8D0998003B9AD9 /* Frameworks */,
				324BC98F1F8D0998003B9AD9 /* Resources */,
			);
			buildRules = (
			);
			dependencies = (
			);
			name = "Tic-Tac-Toe Mobile";
			productName = "Tic-Tac-Toe Mobile";
			productReference = 324BC9911F8D0998003B9AD9 /* Tic-Tac-Toe Mobile.app */;
			productType = "com.apple.product-type.application";
		};
		324BC9A41F8D0999003B9AD9 /* Tic-Tac-Toe MobileTests */ = {
			isa = PBXNativeTarget;
			buildConfigurationList = 324BC9BC1F8D0999003B9AD9 /* Build configuration list for PBXNativeTarget "Tic-Tac-Toe MobileTests" */;
			buildPhases = (
				324BC9A11F8D0999003B9AD9 /* Sources */,
				324BC9A21F8D0999003B9AD9 /* Frameworks */,
				324BC9A31F8D0999003B9AD9 /* Resources */,
			);
			buildRules = (
			);
			dependencies = (
				324BC9A71F8D0999003B9AD9 /* PBXTargetDependency */,
			);
			name = "Tic-Tac-Toe MobileTests";
			productName = "Tic-Tac-Toe MobileTests";
			productReference = 324BC9A51F8D0999003B9AD9 /* Tic-Tac-Toe MobileTests.xctest */;
			productType = "com.apple.product-type.bundle.unit-test";
		};
		324BC9AF1F8D0999003B9AD9 /* Tic-Tac-Toe MobileUITests */ = {
			isa = PBXNativeTarget;
			buildConfigurationList = 324BC9BF1F8D0999003B9AD9 /* Build configuration list for PBXNativeTarget "Tic-Tac-Toe MobileUITests" */;
			buildPhases = (
				324BC9AC1F8D0999003B9AD9 /* Sources */,
				324BC9AD1F8D0999003B9AD9 /* Frameworks */,
				324BC9AE1F8D0999003B9AD9 /* Resources */,
			);
			buildRules = (
			);
			dependencies = (
				324BC9B21F8D0999003B9AD9 /* PBXTargetDependency */,
			);
			name = "Tic-Tac-Toe MobileUITests";
			productName = "Tic-Tac-Toe MobileUITests";
			productReference = 324BC9B01F8D0999003B9AD9 /* Tic-Tac-Toe MobileUITests.xctest */;
			productType = "com.apple.product-type.bundle.ui-testing";
		};
/* End PBXNativeTarget section */

/* Begin PBXProject section */
		324BC9891F8D0998003B9AD9 /* Project object */ = {
			isa = PBXProject;
			attributes = {
				LastSwiftUpdateCheck = 0830;
				LastUpgradeCheck = 0830;
				ORGANIZATIONNAME = "DDH Software";
				TargetAttributes = {
					324BC9901F8D0998003B9AD9 = {
						CreatedOnToolsVersion = 8.3.3;
						DevelopmentTeam = N4K82288J5;
						ProvisioningStyle = Automatic;
					};
					324BC9A41F8D0999003B9AD9 = {
						CreatedOnToolsVersion = 8.3.3;
						DevelopmentTeam = N4K82288J5;
						ProvisioningStyle = Automatic;
						TestTargetID = 324BC9901F8D0998003B9AD9;
					};
					324BC9AF1F8D0999003B9AD9 = {
						CreatedOnToolsVersion = 8.3.3;
						DevelopmentTeam = N4K82288J5;
						ProvisioningStyle = Automatic;
						TestTargetID = 324BC9901F8D0998003B9AD9;
					};
				};
			};
			buildConfigurationList = 324BC98C1F8D0998003B9AD9 /* Build configuration list for PBXProject "Tic-Tac-Toe Mobile" */;
			compatibilityVersion = "Xcode 3.2";
			developmentRegion = English;
			hasScannedForEncodings = 0;
			knownRegions = (
				en,
				Base,
			);
			mainGroup = 324BC9881F8D0998003B9AD9;
			productRefGroup = 324BC9921F8D0998003B9AD9 /* Products */;
			projectDirPath = "";
			projectRoot = "";
			targets = (
				324BC9901F8D0998003B9AD9 /* Tic-Tac-Toe Mobile */,
				324BC9A41F8D0999003B9AD9 /* Tic-Tac-Toe MobileTests */,
				324BC9AF1F8D0999003B9AD9 /* Tic-Tac-Toe MobileUITests */,
			);
		};
/* End PBXProject section */

/* Begin PBXResourcesBuildPhase section */
		324BC98F1F8D0998003B9AD9 /* Resources */ = {
			isa = PBXResourcesBuildPhase;
			buildActionMask = 2147483647;
			files = (
				324BC99F1F8D0998003B9AD9 /* LaunchScreen.storyboard in Resources */,
				324BC99C1F8D0998003B9AD9 /* Assets.xcassets in Resources */,
				324BC99A1F8D0998003B9AD9 /* Main.storyboard in Resources */,
			);
			runOnlyForDeploymentPostprocessing = 0;
		};
		324BC9A31F8D0999003B9AD9 /* Resources */ = {
			isa = PBXResourcesBuildPhase;
			buildActionMask = 2147483647;
			files = (
			);
			runOnlyForDeploymentPostprocessing = 0;
		};
		324BC9AE1F8D0999003B9AD9 /* Resources */ = {
			isa = PBXResourcesBuildPhase;
			buildActionMask = 2147483647;
			files = (
			);
			runOnlyForDeploymentPostprocessing = 0;
		};
/* End PBXResourcesBuildPhase section */

/* Begin PBXSourcesBuildPhase section */
		324BC98D1F8D0998003B9AD9 /* Sources */ = {
			isa = PBXSourcesBuildPhase;
			buildActionMask = 2147483647;
			files = (
				324BC9C51F8D1C1A003B9AD9 /* GameBoard.swift in Sources */,
				324BC9C91F8D1C54003B9AD9 /* Game.swift in Sources */,
				324BC9C71F8D1C3D003B9AD9 /* Stats.swift in Sources */,
				324BC9971F8D0998003B9AD9 /* GameViewController.swift in Sources */,
				324BC9C31F8D1C0A003B9AD9 /* Player.swift in Sources */,
				324BC9951F8D0998003B9AD9 /* AppDelegate.swift in Sources */,
			);
			runOnlyForDeploymentPostprocessing = 0;
		};
		324BC9A11F8D0999003B9AD9 /* Sources */ = {
			isa = PBXSourcesBuildPhase;
			buildActionMask = 2147483647;
			files = (
				324BC9AA1F8D0999003B9AD9 /* Tic_Tac_Toe_MobileTests.swift in Sources */,
			);
			runOnlyForDeploymentPostprocessing = 0;
		};
		324BC9AC1F8D0999003B9AD9 /* Sources */ = {
			isa = PBXSourcesBuildPhase;
			buildActionMask = 2147483647;
			files = (
				324BC9B51F8D0999003B9AD9 /* Tic_Tac_Toe_MobileUITests.swift in Sources */,
			);
			runOnlyForDeploymentPostprocessing = 0;
		};
/* End PBXSourcesBuildPhase section */

/* Begin PBXTargetDependency section */
		324BC9A71F8D0999003B9AD9 /* PBXTargetDependency */ = {
			isa = PBXTargetDependency;
			target = 324BC9901F8D0998003B9AD9 /* Tic-Tac-Toe Mobile */;
			targetProxy = 324BC9A61F8D0999003B9AD9 /* PBXContainerItemProxy */;
		};
		324BC9B21F8D0999003B9AD9 /* PBXTargetDependency */ = {
			isa = PBXTargetDependency;
			target = 324BC9901F8D0998003B9AD9 /* Tic-Tac-Toe Mobile */;
			targetProxy = 324BC9B11F8D0999003B9AD9 /* PBXContainerItemProxy */;
		};
/* End PBXTargetDependency section */

/* Begin PBXVariantGroup section */
		324BC9981F8D0998003B9AD9 /* Main.storyboard */ = {
			isa = PBXVariantGroup;
			children = (
				324BC9991F8D0998003B9AD9 /* Base */,
			);
			name = Main.storyboard;
			sourceTree = "<group>";
		};
		324BC99D1F8D0998003B9AD9 /* LaunchScreen.storyboard */ = {
			isa = PBXVariantGroup;
			children = (
				324BC99E1F8D0998003B9AD9 /* Base */,
			);
			name = LaunchScreen.storyboard;
			sourceTree = "<group>";
		};
/* End PBXVariantGroup section */

/* Begin XCBuildConfiguration section */
		324BC9B71F8D0999003B9AD9 /* Debug */ = {
			isa = XCBuildConfiguration;
			buildSettings = {
				ALWAYS_SEARCH_USER_PATHS = NO;
				CLANG_ANALYZER_NONNULL = YES;
				CLANG_ANALYZER_NUMBER_OBJECT_CONVERSION = YES_AGGRESSIVE;
				CLANG_CXX_LANGUAGE_STANDARD = "gnu++0x";
				CLANG_CXX_LIBRARY = "libc++";
				CLANG_ENABLE_MODULES = YES;
				CLANG_ENABLE_OBJC_ARC = YES;
				CLANG_WARN_BOOL_CONVERSION = YES;
				CLANG_WARN_CONSTANT_CONVERSION = YES;
				CLANG_WARN_DIRECT_OBJC_ISA_USAGE = YES_ERROR;
				CLANG_WARN_DOCUMENTATION_COMMENTS = YES;
				CLANG_WARN_EMPTY_BODY = YES;
				CLANG_WARN_ENUM_CONVERSION = YES;
				CLANG_WARN_INFINITE_RECURSION = YES;
				CLANG_WARN_INT_CONVERSION = YES;
				CLANG_WARN_OBJC_ROOT_CLASS = YES_ERROR;
				CLANG_WARN_SUSPICIOUS_MOVE = YES;
				CLANG_WARN_UNREACHABLE_CODE = YES;
				CLANG_WARN__DUPLICATE_METHOD_MATCH = YES;
				"CODE_SIGN_IDENTITY[sdk=iphoneos*]" = "iPhone Developer";
				COPY_PHASE_STRIP = NO;
				DEBUG_INFORMATION_FORMAT = dwarf;
				ENABLE_STRICT_OBJC_MSGSEND = YES;
				ENABLE_TESTABILITY = YES;
				GCC_C_LANGUAGE_STANDARD = gnu99;
				GCC_DYNAMIC_NO_PIC = NO;
				GCC_NO_COMMON_BLOCKS = YES;
				GCC_OPTIMIZATION_LEVEL = 0;
				GCC_PREPROCESSOR_DEFINITIONS = (
					"DEBUG=1",
					"$(inherited)",
				);
				GCC_WARN_64_TO_32_BIT_CONVERSION = YES;
				GCC_WARN_ABOUT_RETURN_TYPE = YES_ERROR;
				GCC_WARN_UNDECLARED_SELECTOR = YES;
				GCC_WARN_UNINITIALIZED_AUTOS = YES_AGGRESSIVE;
				GCC_WARN_UNUSED_FUNCTION = YES;
				GCC_WARN_UNUSED_VARIABLE = YES;
				IPHONEOS_DEPLOYMENT_TARGET = 10.3;
				MTL_ENABLE_DEBUG_INFO = YES;
				ONLY_ACTIVE_ARCH = YES;
				SDKROOT = iphoneos;
				SWIFT_ACTIVE_COMPILATION_CONDITIONS = DEBUG;
				SWIFT_OPTIMIZATION_LEVEL = "-Onone";
				TARGETED_DEVICE_FAMILY = "1,2";
			};
			name = Debug;
		};
		324BC9B81F8D0999003B9AD9 /* Release */ = {
			isa = XCBuildConfiguration;
			buildSettings = {
				ALWAYS_SEARCH_USER_PATHS = NO;
				CLANG_ANALYZER_NONNULL = YES;
				CLANG_ANALYZER_NUMBER_OBJECT_CONVERSION = YES_AGGRESSIVE;
				CLANG_CXX_LANGUAGE_STANDARD = "gnu++0x";
				CLANG_CXX_LIBRARY = "libc++";
				CLANG_ENABLE_MODULES = YES;
				CLANG_ENABLE_OBJC_ARC = YES;
				CLANG_WARN_BOOL_CONVERSION = YES;
				CLANG_WARN_CONSTANT_CONVERSION = YES;
				CLANG_WARN_DIRECT_OBJC_ISA_USAGE = YES_ERROR;
				CLANG_WARN_DOCUMENTATION_COMMENTS = YES;
				CLANG_WARN_EMPTY_BODY = YES;
				CLANG_WARN_ENUM_CONVERSION = YES;
				CLANG_WARN_INFINITE_RECURSION = YES;
				CLANG_WARN_INT_CONVERSION = YES;
				CLANG_WARN_OBJC_ROOT_CLASS = YES_ERROR;
				CLANG_WARN_SUSPICIOUS_MOVE = YES;
				CLANG_WARN_UNREACHABLE_CODE = YES;
				CLANG_WARN__DUPLICATE_METHOD_MATCH = YES;
				"CODE_SIGN_IDENTITY[sdk=iphoneos*]" = "iPhone Developer";
				COPY_PHASE_STRIP = NO;
				DEBUG_INFORMATION_FORMAT = "dwarf-with-dsym";
				ENABLE_NS_ASSERTIONS = NO;
				ENABLE_STRICT_OBJC_MSGSEND = YES;
				GCC_C_LANGUAGE_STANDARD = gnu99;
				GCC_NO_COMMON_BLOCKS = YES;
				GCC_WARN_64_TO_32_BIT_CONVERSION = YES;
				GCC_WARN_ABOUT_RETURN_TYPE = YES_ERROR;
				GCC_WARN_UNDECLARED_SELECTOR = YES;
				GCC_WARN_UNINITIALIZED_AUTOS = YES_AGGRESSIVE;
				GCC_WARN_UNUSED_FUNCTION = YES;
				GCC_WARN_UNUSED_VARIABLE = YES;
				IPHONEOS_DEPLOYMENT_TARGET = 10.3;
				MTL_ENABLE_DEBUG_INFO = NO;
				SDKROOT = iphoneos;
				SWIFT_OPTIMIZATION_LEVEL = "-Owholemodule";
				TARGETED_DEVICE_FAMILY = "1,2";
				VALIDATE_PRODUCT = YES;
			};
			name = Release;
		};
		324BC9BA1F8D0999003B9AD9 /* Debug */ = {
			isa = XCBuildConfiguration;
			buildSettings = {
				ASSETCATALOG_COMPILER_APPICON_NAME = AppIcon;
				DEVELOPMENT_TEAM = N4K82288J5;
				INFOPLIST_FILE = "Tic-Tac-Toe Mobile/Info.plist";
				LD_RUNPATH_SEARCH_PATHS = "$(inherited) @executable_path/Frameworks";
				PRODUCT_BUNDLE_IDENTIFIER = "com.ddhsoftware.Tic-Tac-Toe-Mobile";
				PRODUCT_NAME = "$(TARGET_NAME)";
				SWIFT_VERSION = 3.0;
			};
			name = Debug;
		};
		324BC9BB1F8D0999003B9AD9 /* Release */ = {
			isa = XCBuildConfiguration;
			buildSettings = {
				ASSETCATALOG_COMPILER_APPICON_NAME = AppIcon;
				DEVELOPMENT_TEAM = N4K82288J5;
				INFOPLIST_FILE = "Tic-Tac-Toe Mobile/Info.plist";
				LD_RUNPATH_SEARCH_PATHS = "$(inherited) @executable_path/Frameworks";
				PRODUCT_BUNDLE_IDENTIFIER = "com.ddhsoftware.Tic-Tac-Toe-Mobile";
				PRODUCT_NAME = "$(TARGET_NAME)";
				SWIFT_VERSION = 3.0;
			};
			name = Release;
		};
		324BC9BD1F8D0999003B9AD9 /* Debug */ = {
			isa = XCBuildConfiguration;
			buildSettings = {
				ALWAYS_EMBED_SWIFT_STANDARD_LIBRARIES = YES;
				BUNDLE_LOADER = "$(TEST_HOST)";
				DEVELOPMENT_TEAM = N4K82288J5;
				INFOPLIST_FILE = "Tic-Tac-Toe MobileTests/Info.plist";
				LD_RUNPATH_SEARCH_PATHS = "$(inherited) @executable_path/Frameworks @loader_path/Frameworks";
				PRODUCT_BUNDLE_IDENTIFIER = "com.ddhsoftware.Tic-Tac-Toe-MobileTests";
				PRODUCT_NAME = "$(TARGET_NAME)";
				SWIFT_VERSION = 3.0;
				TEST_HOST = "$(BUILT_PRODUCTS_DIR)/Tic-Tac-Toe Mobile.app/Tic-Tac-Toe Mobile";
			};
			name = Debug;
		};
		324BC9BE1F8D0999003B9AD9 /* Release */ = {
			isa = XCBuildConfiguration;
			buildSettings = {
				ALWAYS_EMBED_SWIFT_STANDARD_LIBRARIES = YES;
				BUNDLE_LOADER = "$(TEST_HOST)";
				DEVELOPMENT_TEAM = N4K82288J5;
				INFOPLIST_FILE = "Tic-Tac-Toe MobileTests/Info.plist";
				LD_RUNPATH_SEARCH_PATHS = "$(inherited) @executable_path/Frameworks @loader_path/Frameworks";
				PRODUCT_BUNDLE_IDENTIFIER = "com.ddhsoftware.Tic-Tac-Toe-MobileTests";
				PRODUCT_NAME = "$(TARGET_NAME)";
				SWIFT_VERSION = 3.0;
				TEST_HOST = "$(BUILT_PRODUCTS_DIR)/Tic-Tac-Toe Mobile.app/Tic-Tac-Toe Mobile";
			};
			name = Release;
		};
		324BC9C01F8D0999003B9AD9 /* Debug */ = {
			isa = XCBuildConfiguration;
			buildSettings = {
				ALWAYS_EMBED_SWIFT_STANDARD_LIBRARIES = YES;
				DEVELOPMENT_TEAM = N4K82288J5;
				INFOPLIST_FILE = "Tic-Tac-Toe MobileUITests/Info.plist";
				LD_RUNPATH_SEARCH_PATHS = "$(inherited) @executable_path/Frameworks @loader_path/Frameworks";
				PRODUCT_BUNDLE_IDENTIFIER = "com.ddhsoftware.Tic-Tac-Toe-MobileUITests";
				PRODUCT_NAME = "$(TARGET_NAME)";
				SWIFT_VERSION = 3.0;
				TEST_TARGET_NAME = "Tic-Tac-Toe Mobile";
			};
			name = Debug;
		};
		324BC9C11F8D0999003B9AD9 /* Release */ = {
			isa = XCBuildConfiguration;
			buildSettings = {
				ALWAYS_EMBED_SWIFT_STANDARD_LIBRARIES = YES;
				DEVELOPMENT_TEAM = N4K82288J5;
				INFOPLIST_FILE = "Tic-Tac-Toe MobileUITests/Info.plist";
				LD_RUNPATH_SEARCH_PATHS = "$(inherited) @executable_path/Frameworks @loader_path/Frameworks";
				PRODUCT_BUNDLE_IDENTIFIER = "com.ddhsoftware.Tic-Tac-Toe-MobileUITests";
				PRODUCT_NAME = "$(TARGET_NAME)";
				SWIFT_VERSION = 3.0;
				TEST_TARGET_NAME = "Tic-Tac-Toe Mobile";
			};
			name = Release;
		};
/* End XCBuildConfiguration section */

/* Begin XCConfigurationList section */
		324BC98C1F8D0998003B9AD9 /* Build configuration list for PBXProject "Tic-Tac-Toe Mobile" */ = {
			isa = XCConfigurationList;
			buildConfigurations = (
				324BC9B71F8D0999003B9AD9 /* Debug */,
				324BC9B81F8D0999003B9AD9 /* Release */,
			);
			defaultConfigurationIsVisible = 0;
			defaultConfigurationName = Release;
		};
		324BC9B91F8D0999003B9AD9 /* Build configuration list for PBXNativeTarget "Tic-Tac-Toe Mobile" */ = {
			isa = XCConfigurationList;
			buildConfigurations = (
				324BC9BA1F8D0999003B9AD9 /* Debug */,
				324BC9BB1F8D0999003B9AD9 /* Release */,
			);
			defaultConfigurationIsVisible = 0;
		};
		324BC9BC1F8D0999003B9AD9 /* Build configuration list for PBXNativeTarget "Tic-Tac-Toe MobileTests" */ = {
			isa = XCConfigurationList;
			buildConfigurations = (
				324BC9BD1F8D0999003B9AD9 /* Debug */,
				324BC9BE1F8D0999003B9AD9 /* Release */,
			);
			defaultConfigurationIsVisible = 0;
		};
		324BC9BF1F8D0999003B9AD9 /* Build configuration list for PBXNativeTarget "Tic-Tac-Toe MobileUITests" */ = {
			isa = XCConfigurationList;
			buildConfigurations = (
				324BC9C01F8D0999003B9AD9 /* Debug */,
				324BC9C11F8D0999003B9AD9 /* Release */,
			);
			defaultConfigurationIsVisible = 0;
		};
/* End XCConfigurationList section */
	};
	rootObject = 324BC9891F8D0998003B9AD9 /* Project object */;
}
