// !$*UTF8*$!
{
	archiveVersion = 1;
	classes = {
	};
	objectVersion = 46;
	objects = {

/* Begin PBXBuildFile section */
		E7CBD15E1F8C41B4007E6451 /* main.m in Sources */ = {isa = PBXBuildFile; fileRef = E7CBD15D1F8C41B4007E6451 /* main.m */; };
		E7CBD1611F8C41B4007E6451 /* AppDelegate.m in Sources */ = {isa = PBXBuildFile; fileRef = E7CBD1601F8C41B4007E6451 /* AppDelegate.m */; };
		E7CBD1641F8C41B4007E6451 /* ViewController.m in Sources */ = {isa = PBXBuildFile; fileRef = E7CBD1631F8C41B4007E6451 /* ViewController.m */; };
		E7CBD1671F8C41B4007E6451 /* Main.storyboard in Resources */ = {isa = PBXBuildFile; fileRef = E7CBD1651F8C41B4007E6451 /* Main.storyboard */; };
		E7CBD1691F8C41B4007E6451 /* Assets.xcassets in Resources */ = {isa = PBXBuildFile; fileRef = E7CBD1681F8C41B4007E6451 /* Assets.xcassets */; };
		E7CBD16C1F8C41B4007E6451 /* LaunchScreen.storyboard in Resources */ = {isa = PBXBuildFile; fileRef = E7CBD16A1F8C41B4007E6451 /* LaunchScreen.storyboard */; };
		E7CBD1771F8C41B5007E6451 /* TicTacToeTests.m in Sources */ = {isa = PBXBuildFile; fileRef = E7CBD1761F8C41B5007E6451 /* TicTacToeTests.m */; };
		E7CBD1821F8C41B5007E6451 /* TicTacToeUITests.m in Sources */ = {isa = PBXBuildFile; fileRef = E7CBD1811F8C41B5007E6451 /* TicTacToeUITests.m */; };
		E7CBD1941F8D9F7B007E6451 /* SettingsView.m in Sources */ = {isa = PBXBuildFile; fileRef = E7CBD1931F8D9F7B007E6451 /* SettingsView.m */; };
		E7F93A161F8EC518006FF025 /* README.md in Sources */ = {isa = PBXBuildFile; fileRef = E7F93A151F8EC518006FF025 /* README.md */; };
/* End PBXBuildFile section */

/* Begin PBXContainerItemProxy section */
		E7CBD1731F8C41B5007E6451 /* PBXContainerItemProxy */ = {
			isa = PBXContainerItemProxy;
			containerPortal = E7CBD1511F8C41B4007E6451 /* Project object */;
			proxyType = 1;
			remoteGlobalIDString = E7CBD1581F8C41B4007E6451;
			remoteInfo = TicTacToe;
		};
		E7CBD17E1F8C41B5007E6451 /* PBXContainerItemProxy */ = {
			isa = PBXContainerItemProxy;
			containerPortal = E7CBD1511F8C41B4007E6451 /* Project object */;
			proxyType = 1;
			remoteGlobalIDString = E7CBD1581F8C41B4007E6451;
			remoteInfo = TicTacToe;
		};
/* End PBXContainerItemProxy section */

/* Begin PBXFileReference section */
		E7CBD1591F8C41B4007E6451 /* TicTacToe.app */ = {isa = PBXFileReference; explicitFileType = wrapper.application; includeInIndex = 0; path = TicTacToe.app; sourceTree = BUILT_PRODUCTS_DIR; };
		E7CBD15D1F8C41B4007E6451 /* main.m */ = {isa = PBXFileReference; lastKnownFileType = sourcecode.c.objc; path = main.m; sourceTree = "<group>"; };
		E7CBD15F1F8C41B4007E6451 /* AppDelegate.h */ = {isa = PBXFileReference; lastKnownFileType = sourcecode.c.h; path = AppDelegate.h; sourceTree = "<group>"; };
		E7CBD1601F8C41B4007E6451 /* AppDelegate.m */ = {isa = PBXFileReference; lastKnownFileType = sourcecode.c.objc; path = AppDelegate.m; sourceTree = "<group>"; };
		E7CBD1621F8C41B4007E6451 /* ViewController.h */ = {isa = PBXFileReference; lastKnownFileType = sourcecode.c.h; path = ViewController.h; sourceTree = "<group>"; };
		E7CBD1631F8C41B4007E6451 /* ViewController.m */ = {isa = PBXFileReference; lastKnownFileType = sourcecode.c.objc; path = ViewController.m; sourceTree = "<group>"; };
		E7CBD1661F8C41B4007E6451 /* Base */ = {isa = PBXFileReference; lastKnownFileType = file.storyboard; name = Base; path = Base.lproj/Main.storyboard; sourceTree = "<group>"; };
		E7CBD1681F8C41B4007E6451 /* Assets.xcassets */ = {isa = PBXFileReference; lastKnownFileType = folder.assetcatalog; path = Assets.xcassets; sourceTree = "<group>"; };
		E7CBD16B1F8C41B4007E6451 /* Base */ = {isa = PBXFileReference; lastKnownFileType = file.storyboard; name = Base; path = Base.lproj/LaunchScreen.storyboard; sourceTree = "<group>"; };
		E7CBD16D1F8C41B4007E6451 /* Info.plist */ = {isa = PBXFileReference; lastKnownFileType = text.plist.xml; path = Info.plist; sourceTree = "<group>"; };
		E7CBD1721F8C41B5007E6451 /* TicTacToeTests.xctest */ = {isa = PBXFileReference; explicitFileType = wrapper.cfbundle; includeInIndex = 0; path = TicTacToeTests.xctest; sourceTree = BUILT_PRODUCTS_DIR; };
		E7CBD1761F8C41B5007E6451 /* TicTacToeTests.m */ = {isa = PBXFileReference; lastKnownFileType = sourcecode.c.objc; path = TicTacToeTests.m; sourceTree = "<group>"; };
		E7CBD1781F8C41B5007E6451 /* Info.plist */ = {isa = PBXFileReference; lastKnownFileType = text.plist.xml; path = Info.plist; sourceTree = "<group>"; };
		E7CBD17D1F8C41B5007E6451 /* TicTacToeUITests.xctest */ = {isa = PBXFileReference; explicitFileType = wrapper.cfbundle; includeInIndex = 0; path = TicTacToeUITests.xctest; sourceTree = BUILT_PRODUCTS_DIR; };
		E7CBD1811F8C41B5007E6451 /* TicTacToeUITests.m */ = {isa = PBXFileReference; lastKnownFileType = sourcecode.c.objc; path = TicTacToeUITests.m; sourceTree = "<group>"; };
		E7CBD1831F8C41B5007E6451 /* Info.plist */ = {isa = PBXFileReference; lastKnownFileType = text.plist.xml; path = Info.plist; sourceTree = "<group>"; };
		E7CBD1921F8D9F5F007E6451 /* SettingsView.h */ = {isa = PBXFileReference; fileEncoding = 4; lastKnownFileType = sourcecode.c.h; path = SettingsView.h; sourceTree = "<group>"; };
		E7CBD1931F8D9F7B007E6451 /* SettingsView.m */ = {isa = PBXFileReference; fileEncoding = 4; lastKnownFileType = sourcecode.c.objc; path = SettingsView.m; sourceTree = "<group>"; };
		E7F93A151F8EC518006FF025 /* README.md */ = {isa = PBXFileReference; fileEncoding = 4; lastKnownFileType = net.daringfireball.markdown; path = README.md; sourceTree = "<group>"; };
/* End PBXFileReference section */

/* Begin PBXFrameworksBuildPhase section */
		E7CBD1561F8C41B4007E6451 /* Frameworks */ = {
			isa = PBXFrameworksBuildPhase;
			buildActionMask = 2147483647;
			files = (
			);
			runOnlyForDeploymentPostprocessing = 0;
		};
		E7CBD16F1F8C41B5007E6451 /* Frameworks */ = {
			isa = PBXFrameworksBuildPhase;
			buildActionMask = 2147483647;
			files = (
			);
			runOnlyForDeploymentPostprocessing = 0;
		};
		E7CBD17A1F8C41B5007E6451 /* Frameworks */ = {
			isa = PBXFrameworksBuildPhase;
			buildActionMask = 2147483647;
			files = (
			);
			runOnlyForDeploymentPostprocessing = 0;
		};
/* End PBXFrameworksBuildPhase section */

/* Begin PBXGroup section */
		E7CBD1501F8C41B4007E6451 = {
			isa = PBXGroup;
			children = (
				E7CBD15B1F8C41B4007E6451 /* TicTacToe */,
				E7CBD1751F8C41B5007E6451 /* TicTacToeTests */,
				E7CBD1801F8C41B5007E6451 /* TicTacToeUITests */,
				E7CBD15A1F8C41B4007E6451 /* Products */,
				E7F93A151F8EC518006FF025 /* README.md */,
			);
			sourceTree = "<group>";
		};
		E7CBD15A1F8C41B4007E6451 /* Products */ = {
			isa = PBXGroup;
			children = (
				E7CBD1591F8C41B4007E6451 /* TicTacToe.app */,
				E7CBD1721F8C41B5007E6451 /* TicTacToeTests.xctest */,
				E7CBD17D1F8C41B5007E6451 /* TicTacToeUITests.xctest */,
			);
			name = Products;
			sourceTree = "<group>";
		};
		E7CBD15B1F8C41B4007E6451 /* TicTacToe */ = {
			isa = PBXGroup;
			children = (
				E7CBD15F1F8C41B4007E6451 /* AppDelegate.h */,
				E7CBD1601F8C41B4007E6451 /* AppDelegate.m */,
				E7CBD1921F8D9F5F007E6451 /* SettingsView.h */,
				E7CBD1931F8D9F7B007E6451 /* SettingsView.m */,
				E7CBD1621F8C41B4007E6451 /* ViewController.h */,
				E7CBD1631F8C41B4007E6451 /* ViewController.m */,
				E7CBD1651F8C41B4007E6451 /* Main.storyboard */,
				E7CBD1681F8C41B4007E6451 /* Assets.xcassets */,
				E7CBD16A1F8C41B4007E6451 /* LaunchScreen.storyboard */,
				E7CBD16D1F8C41B4007E6451 /* Info.plist */,
				E7CBD15C1F8C41B4007E6451 /* Supporting Files */,
			);
			path = TicTacToe;
			sourceTree = "<group>";
		};
		E7CBD15C1F8C41B4007E6451 /* Supporting Files */ = {
			isa = PBXGroup;
			children = (
				E7CBD15D1F8C41B4007E6451 /* main.m */,
			);
			name = "Supporting Files";
			sourceTree = "<group>";
		};
		E7CBD1751F8C41B5007E6451 /* TicTacToeTests */ = {
			isa = PBXGroup;
			children = (
				E7CBD1761F8C41B5007E6451 /* TicTacToeTests.m */,
				E7CBD1781F8C41B5007E6451 /* Info.plist */,
			);
			path = TicTacToeTests;
			sourceTree = "<group>";
		};
		E7CBD1801F8C41B5007E6451 /* TicTacToeUITests */ = {
			isa = PBXGroup;
			children = (
				E7CBD1811F8C41B5007E6451 /* TicTacToeUITests.m */,
				E7CBD1831F8C41B5007E6451 /* Info.plist */,
			);
			path = TicTacToeUITests;
			sourceTree = "<group>";
		};
/* End PBXGroup section */

/* Begin PBXNativeTarget section */
		E7CBD1581F8C41B4007E6451 /* TicTacToe */ = {
			isa = PBXNativeTarget;
			buildConfigurationList = E7CBD1861F8C41B5007E6451 /* Build configuration list for PBXNativeTarget "TicTacToe" */;
			buildPhases = (
				E7CBD1551F8C41B4007E6451 /* Sources */,
				E7CBD1561F8C41B4007E6451 /* Frameworks */,
				E7CBD1571F8C41B4007E6451 /* Resources */,
			);
			buildRules = (
			);
			dependencies = (
			);
			name = TicTacToe;
			productName = TicTacToe;
			productReference = E7CBD1591F8C41B4007E6451 /* TicTacToe.app */;
			productType = "com.apple.product-type.application";
		};
		E7CBD1711F8C41B5007E6451 /* TicTacToeTests */ = {
			isa = PBXNativeTarget;
			buildConfigurationList = E7CBD1891F8C41B5007E6451 /* Build configuration list for PBXNativeTarget "TicTacToeTests" */;
			buildPhases = (
				E7CBD16E1F8C41B5007E6451 /* Sources */,
				E7CBD16F1F8C41B5007E6451 /* Frameworks */,
				E7CBD1701F8C41B5007E6451 /* Resources */,
			);
			buildRules = (
			);
			dependencies = (
				E7CBD1741F8C41B5007E6451 /* PBXTargetDependency */,
			);
			name = TicTacToeTests;
			productName = TicTacToeTests;
			productReference = E7CBD1721F8C41B5007E6451 /* TicTacToeTests.xctest */;
			productType = "com.apple.product-type.bundle.unit-test";
		};
		E7CBD17C1F8C41B5007E6451 /* TicTacToeUITests */ = {
			isa = PBXNativeTarget;
			buildConfigurationList = E7CBD18C1F8C41B5007E6451 /* Build configuration list for PBXNativeTarget "TicTacToeUITests" */;
			buildPhases = (
				E7CBD1791F8C41B5007E6451 /* Sources */,
				E7CBD17A1F8C41B5007E6451 /* Frameworks */,
				E7CBD17B1F8C41B5007E6451 /* Resources */,
			);
			buildRules = (
			);
			dependencies = (
				E7CBD17F1F8C41B5007E6451 /* PBXTargetDependency */,
			);
			name = TicTacToeUITests;
			productName = TicTacToeUITests;
			productReference = E7CBD17D1F8C41B5007E6451 /* TicTacToeUITests.xctest */;
			productType = "com.apple.product-type.bundle.ui-testing";
		};
/* End PBXNativeTarget section */

/* Begin PBXProject section */
		E7CBD1511F8C41B4007E6451 /* Project object */ = {
			isa = PBXProject;
			attributes = {
				LastUpgradeCheck = 0830;
				ORGANIZATIONNAME = CMG;
				TargetAttributes = {
					E7CBD1581F8C41B4007E6451 = {
						CreatedOnToolsVersion = 8.3.3;
						DevelopmentTeam = S67278VE3D;
						ProvisioningStyle = Automatic;
					};
					E7CBD1711F8C41B5007E6451 = {
						CreatedOnToolsVersion = 8.3.3;
						ProvisioningStyle = Automatic;
						TestTargetID = E7CBD1581F8C41B4007E6451;
					};
					E7CBD17C1F8C41B5007E6451 = {
						CreatedOnToolsVersion = 8.3.3;
						ProvisioningStyle = Automatic;
						TestTargetID = E7CBD1581F8C41B4007E6451;
					};
				};
			};
			buildConfigurationList = E7CBD1541F8C41B4007E6451 /* Build configuration list for PBXProject "TicTacToe" */;
			compatibilityVersion = "Xcode 3.2";
			developmentRegion = English;
			hasScannedForEncodings = 0;
			knownRegions = (
				en,
				Base,
			);
			mainGroup = E7CBD1501F8C41B4007E6451;
			productRefGroup = E7CBD15A1F8C41B4007E6451 /* Products */;
			projectDirPath = "";
			projectRoot = "";
			targets = (
				E7CBD1581F8C41B4007E6451 /* TicTacToe */,
				E7CBD1711F8C41B5007E6451 /* TicTacToeTests */,
				E7CBD17C1F8C41B5007E6451 /* TicTacToeUITests */,
			);
		};
/* End PBXProject section */

/* Begin PBXResourcesBuildPhase section */
		E7CBD1571F8C41B4007E6451 /* Resources */ = {
			isa = PBXResourcesBuildPhase;
			buildActionMask = 2147483647;
			files = (
				E7CBD16C1F8C41B4007E6451 /* LaunchScreen.storyboard in Resources */,
				E7CBD1691F8C41B4007E6451 /* Assets.xcassets in Resources */,
				E7CBD1671F8C41B4007E6451 /* Main.storyboard in Resources */,
			);
			runOnlyForDeploymentPostprocessing = 0;
		};
		E7CBD1701F8C41B5007E6451 /* Resources */ = {
			isa = PBXResourcesBuildPhase;
			buildActionMask = 2147483647;
			files = (
			);
			runOnlyForDeploymentPostprocessing = 0;
		};
		E7CBD17B1F8C41B5007E6451 /* Resources */ = {
			isa = PBXResourcesBuildPhase;
			buildActionMask = 2147483647;
			files = (
			);
			runOnlyForDeploymentPostprocessing = 0;
		};
/* End PBXResourcesBuildPhase section */

/* Begin PBXSourcesBuildPhase section */
		E7CBD1551F8C41B4007E6451 /* Sources */ = {
			isa = PBXSourcesBuildPhase;
			buildActionMask = 2147483647;
			files = (
				E7CBD1641F8C41B4007E6451 /* ViewController.m in Sources */,
				E7CBD1611F8C41B4007E6451 /* AppDelegate.m in Sources */,
				E7F93A161F8EC518006FF025 /* README.md in Sources */,
				E7CBD1941F8D9F7B007E6451 /* SettingsView.m in Sources */,
				E7CBD15E1F8C41B4007E6451 /* main.m in Sources */,
			);
			runOnlyForDeploymentPostprocessing = 0;
		};
		E7CBD16E1F8C41B5007E6451 /* Sources */ = {
			isa = PBXSourcesBuildPhase;
			buildActionMask = 2147483647;
			files = (
				E7CBD1771F8C41B5007E6451 /* TicTacToeTests.m in Sources */,
			);
			runOnlyForDeploymentPostprocessing = 0;
		};
		E7CBD1791F8C41B5007E6451 /* Sources */ = {
			isa = PBXSourcesBuildPhase;
			buildActionMask = 2147483647;
			files = (
				E7CBD1821F8C41B5007E6451 /* TicTacToeUITests.m in Sources */,
			);
			runOnlyForDeploymentPostprocessing = 0;
		};
/* End PBXSourcesBuildPhase section */

/* Begin PBXTargetDependency section */
		E7CBD1741F8C41B5007E6451 /* PBXTargetDependency */ = {
			isa = PBXTargetDependency;
			target = E7CBD1581F8C41B4007E6451 /* TicTacToe */;
			targetProxy = E7CBD1731F8C41B5007E6451 /* PBXContainerItemProxy */;
		};
		E7CBD17F1F8C41B5007E6451 /* PBXTargetDependency */ = {
			isa = PBXTargetDependency;
			target = E7CBD1581F8C41B4007E6451 /* TicTacToe */;
			targetProxy = E7CBD17E1F8C41B5007E6451 /* PBXContainerItemProxy */;
		};
/* End PBXTargetDependency section */

/* Begin PBXVariantGroup section */
		E7CBD1651F8C41B4007E6451 /* Main.storyboard */ = {
			isa = PBXVariantGroup;
			children = (
				E7CBD1661F8C41B4007E6451 /* Base */,
			);
			name = Main.storyboard;
			sourceTree = "<group>";
		};
		E7CBD16A1F8C41B4007E6451 /* LaunchScreen.storyboard */ = {
			isa = PBXVariantGroup;
			children = (
				E7CBD16B1F8C41B4007E6451 /* Base */,
			);
			name = LaunchScreen.storyboard;
			sourceTree = "<group>";
		};
/* End PBXVariantGroup section */

/* Begin XCBuildConfiguration section */
		E7CBD1841F8C41B5007E6451 /* Debug */ = {
			isa = XCBuildConfiguration;
			buildSettings = {
				ALWAYS_SEARCH_USER_PATHS = NO;
				CLANG_ANALYZER_NONNULL = YES;
				CLANG_ANALYZER_NUMBER_OBJECT_CONVERSION = YES_AGGRESSIVE;
				CLANG_CXX_LANGUAGE_STANDARD = "gnu++0x";
				CLANG_CXX_LIBRARY = "libc++";
				CLANG_ENABLE_MODULES = YES;
				CLANG_ENABLE_OBJC_ARC = YES;
				CLANG_WARN_BOOL_CONVERSION = YES;
				CLANG_WARN_CONSTANT_CONVERSION = YES;
				CLANG_WARN_DIRECT_OBJC_ISA_USAGE = YES_ERROR;
				CLANG_WARN_DOCUMENTATION_COMMENTS = YES;
				CLANG_WARN_EMPTY_BODY = YES;
				CLANG_WARN_ENUM_CONVERSION = YES;
				CLANG_WARN_INFINITE_RECURSION = YES;
				CLANG_WARN_INT_CONVERSION = YES;
				CLANG_WARN_OBJC_ROOT_CLASS = YES_ERROR;
				CLANG_WARN_SUSPICIOUS_MOVE = YES;
				CLANG_WARN_UNREACHABLE_CODE = YES;
				CLANG_WARN__DUPLICATE_METHOD_MATCH = YES;
				"CODE_SIGN_IDENTITY[sdk=iphoneos*]" = "iPhone Developer";
				COPY_PHASE_STRIP = NO;
				DEBUG_INFORMATION_FORMAT = dwarf;
				ENABLE_STRICT_OBJC_MSGSEND = YES;
				ENABLE_TESTABILITY = YES;
				GCC_C_LANGUAGE_STANDARD = gnu99;
				GCC_DYNAMIC_NO_PIC = NO;
				GCC_NO_COMMON_BLOCKS = YES;
				GCC_OPTIMIZATION_LEVEL = 0;
				GCC_PREPROCESSOR_DEFINITIONS = (
					"DEBUG=1",
					"$(inherited)",
				);
				GCC_WARN_64_TO_32_BIT_CONVERSION = YES;
				GCC_WARN_ABOUT_RETURN_TYPE = YES_ERROR;
				GCC_WARN_UNDECLARED_SELECTOR = YES;
				GCC_WARN_UNINITIALIZED_AUTOS = YES_AGGRESSIVE;
				GCC_WARN_UNUSED_FUNCTION = YES;
				GCC_WARN_UNUSED_VARIABLE = YES;
				IPHONEOS_DEPLOYMENT_TARGET = 10.3;
				MTL_ENABLE_DEBUG_INFO = YES;
				ONLY_ACTIVE_ARCH = YES;
				SDKROOT = iphoneos;
				TARGETED_DEVICE_FAMILY = "1,2";
			};
			name = Debug;
		};
		E7CBD1851F8C41B5007E6451 /* Release */ = {
			isa = XCBuildConfiguration;
			buildSettings = {
				ALWAYS_SEARCH_USER_PATHS = NO;
				CLANG_ANALYZER_NONNULL = YES;
				CLANG_ANALYZER_NUMBER_OBJECT_CONVERSION = YES_AGGRESSIVE;
				CLANG_CXX_LANGUAGE_STANDARD = "gnu++0x";
				CLANG_CXX_LIBRARY = "libc++";
				CLANG_ENABLE_MODULES = YES;
				CLANG_ENABLE_OBJC_ARC = YES;
				CLANG_WARN_BOOL_CONVERSION = YES;
				CLANG_WARN_CONSTANT_CONVERSION = YES;
				CLANG_WARN_DIRECT_OBJC_ISA_USAGE = YES_ERROR;
				CLANG_WARN_DOCUMENTATION_COMMENTS = YES;
				CLANG_WARN_EMPTY_BODY = YES;
				CLANG_WARN_ENUM_CONVERSION = YES;
				CLANG_WARN_INFINITE_RECURSION = YES;
				CLANG_WARN_INT_CONVERSION = YES;
				CLANG_WARN_OBJC_ROOT_CLASS = YES_ERROR;
				CLANG_WARN_SUSPICIOUS_MOVE = YES;
				CLANG_WARN_UNREACHABLE_CODE = YES;
				CLANG_WARN__DUPLICATE_METHOD_MATCH = YES;
				"CODE_SIGN_IDENTITY[sdk=iphoneos*]" = "iPhone Developer";
				COPY_PHASE_STRIP = NO;
				DEBUG_INFORMATION_FORMAT = "dwarf-with-dsym";
				ENABLE_NS_ASSERTIONS = NO;
				ENABLE_STRICT_OBJC_MSGSEND = YES;
				GCC_C_LANGUAGE_STANDARD = gnu99;
				GCC_NO_COMMON_BLOCKS = YES;
				GCC_WARN_64_TO_32_BIT_CONVERSION = YES;
				GCC_WARN_ABOUT_RETURN_TYPE = YES_ERROR;
				GCC_WARN_UNDECLARED_SELECTOR = YES;
				GCC_WARN_UNINITIALIZED_AUTOS = YES_AGGRESSIVE;
				GCC_WARN_UNUSED_FUNCTION = YES;
				GCC_WARN_UNUSED_VARIABLE = YES;
				IPHONEOS_DEPLOYMENT_TARGET = 10.3;
				MTL_ENABLE_DEBUG_INFO = NO;
				SDKROOT = iphoneos;
				TARGETED_DEVICE_FAMILY = "1,2";
				VALIDATE_PRODUCT = YES;
			};
			name = Release;
		};
		E7CBD1871F8C41B5007E6451 /* Debug */ = {
			isa = XCBuildConfiguration;
			buildSettings = {
				ASSETCATALOG_COMPILER_APPICON_NAME = AppIcon;
				DEVELOPMENT_TEAM = S67278VE3D;
				INFOPLIST_FILE = TicTacToe/Info.plist;
				LD_RUNPATH_SEARCH_PATHS = "$(inherited) @executable_path/Frameworks";
				PRODUCT_BUNDLE_IDENTIFIER = com.cmg.TicTacToe;
				PRODUCT_NAME = "$(TARGET_NAME)";
			};
			name = Debug;
		};
		E7CBD1881F8C41B5007E6451 /* Release */ = {
			isa = XCBuildConfiguration;
			buildSettings = {
				ASSETCATALOG_COMPILER_APPICON_NAME = AppIcon;
				DEVELOPMENT_TEAM = S67278VE3D;
				INFOPLIST_FILE = TicTacToe/Info.plist;
				LD_RUNPATH_SEARCH_PATHS = "$(inherited) @executable_path/Frameworks";
				PRODUCT_BUNDLE_IDENTIFIER = com.cmg.TicTacToe;
				PRODUCT_NAME = "$(TARGET_NAME)";
			};
			name = Release;
		};
		E7CBD18A1F8C41B5007E6451 /* Debug */ = {
			isa = XCBuildConfiguration;
			buildSettings = {
				BUNDLE_LOADER = "$(TEST_HOST)";
				INFOPLIST_FILE = TicTacToeTests/Info.plist;
				LD_RUNPATH_SEARCH_PATHS = "$(inherited) @executable_path/Frameworks @loader_path/Frameworks";
				PRODUCT_BUNDLE_IDENTIFIER = com.cmg.TicTacToeTests;
				PRODUCT_NAME = "$(TARGET_NAME)";
				TEST_HOST = "$(BUILT_PRODUCTS_DIR)/TicTacToe.app/TicTacToe";
			};
			name = Debug;
		};
		E7CBD18B1F8C41B5007E6451 /* Release */ = {
			isa = XCBuildConfiguration;
			buildSettings = {
				BUNDLE_LOADER = "$(TEST_HOST)";
				INFOPLIST_FILE = TicTacToeTests/Info.plist;
				LD_RUNPATH_SEARCH_PATHS = "$(inherited) @executable_path/Frameworks @loader_path/Frameworks";
				PRODUCT_BUNDLE_IDENTIFIER = com.cmg.TicTacToeTests;
				PRODUCT_NAME = "$(TARGET_NAME)";
				TEST_HOST = "$(BUILT_PRODUCTS_DIR)/TicTacToe.app/TicTacToe";
			};
			name = Release;
		};
		E7CBD18D1F8C41B5007E6451 /* Debug */ = {
			isa = XCBuildConfiguration;
			buildSettings = {
				INFOPLIST_FILE = TicTacToeUITests/Info.plist;
				LD_RUNPATH_SEARCH_PATHS = "$(inherited) @executable_path/Frameworks @loader_path/Frameworks";
				PRODUCT_BUNDLE_IDENTIFIER = com.cmg.TicTacToeUITests;
				PRODUCT_NAME = "$(TARGET_NAME)";
				TEST_TARGET_NAME = TicTacToe;
			};
			name = Debug;
		};
		E7CBD18E1F8C41B5007E6451 /* Release */ = {
			isa = XCBuildConfiguration;
			buildSettings = {
				INFOPLIST_FILE = TicTacToeUITests/Info.plist;
				LD_RUNPATH_SEARCH_PATHS = "$(inherited) @executable_path/Frameworks @loader_path/Frameworks";
				PRODUCT_BUNDLE_IDENTIFIER = com.cmg.TicTacToeUITests;
				PRODUCT_NAME = "$(TARGET_NAME)";
				TEST_TARGET_NAME = TicTacToe;
			};
			name = Release;
		};
/* End XCBuildConfiguration section */

/* Begin XCConfigurationList section */
		E7CBD1541F8C41B4007E6451 /* Build configuration list for PBXProject "TicTacToe" */ = {
			isa = XCConfigurationList;
			buildConfigurations = (
				E7CBD1841F8C41B5007E6451 /* Debug */,
				E7CBD1851F8C41B5007E6451 /* Release */,
			);
			defaultConfigurationIsVisible = 0;
			defaultConfigurationName = Release;
		};
		E7CBD1861F8C41B5007E6451 /* Build configuration list for PBXNativeTarget "TicTacToe" */ = {
			isa = XCConfigurationList;
			buildConfigurations = (
				E7CBD1871F8C41B5007E6451 /* Debug */,
				E7CBD1881F8C41B5007E6451 /* Release */,
			);
			defaultConfigurationIsVisible = 0;
			defaultConfigurationName = Release;
		};
		E7CBD1891F8C41B5007E6451 /* Build configuration list for PBXNativeTarget "TicTacToeTests" */ = {
			isa = XCConfigurationList;
			buildConfigurations = (
				E7CBD18A1F8C41B5007E6451 /* Debug */,
				E7CBD18B1F8C41B5007E6451 /* Release */,
			);
			defaultConfigurationIsVisible = 0;
			defaultConfigurationName = Release;
		};
		E7CBD18C1F8C41B5007E6451 /* Build configuration list for PBXNativeTarget "TicTacToeUITests" */ = {
			isa = XCConfigurationList;
			buildConfigurations = (
				E7CBD18D1F8C41B5007E6451 /* Debug */,
				E7CBD18E1F8C41B5007E6451 /* Release */,
			);
			defaultConfigurationIsVisible = 0;
			defaultConfigurationName = Release;
		};
/* End XCConfigurationList section */
	};
	rootObject = E7CBD1511F8C41B4007E6451 /* Project object */;
}
